# THIS IS AN AUTOGENERATED FILE. DO NOT EDIT THIS FILE DIRECTLY.
# yarn lockfile v1


"@graphql-typed-document-node/core@^3.1.1":
  version "3.1.1"
  resolved "https://registry.yarnpkg.com/@graphql-typed-document-node/core/-/core-3.1.1.tgz#076d78ce99822258cf813ecc1e7fa460fa74d052"
  integrity sha512-NQ17ii0rK1b34VZonlmT2QMJFI70m0TRwbknO/ihlbatXyaktDhN/98vBiUU6kNBPljqGqyIrl2T4nY2RpFANg==

"@urql/core@>=3.0.0":
  version "3.0.0"
  resolved "https://registry.yarnpkg.com/@urql/core/-/core-3.0.0.tgz#181976367ae27e1b36b9864fb3fa1bbfdad3ae71"
  integrity sha512-C9nVn3+hhht8K0MEr9zLUgzoapkoX7X0crwMB72LrMqerhBjvEEuTngEFlZfALRwOzHjUNXBT9ZVgyzt6cKRhA==
  dependencies:
    "@graphql-typed-document-node/core" "^3.1.1"
    wonka "^6.0.0"

"@urql/exchange-multipart-fetch@^1.0.0":
  version "1.0.0"
  resolved "https://registry.yarnpkg.com/@urql/exchange-multipart-fetch/-/exchange-multipart-fetch-1.0.0.tgz#e166708c8795267eeccb989f9421b9cb3ab6723a"
  integrity sha512-hPSrGjzfjhexUbvZOkwKk9G8b06PHHCbo0J2PFyA+yy0tNxRACX4/pSHfztcaRS3VyfbTQtWRQ/QSuUlYMVvzg==
  dependencies:
    "@urql/core" ">=3.0.0"
    extract-files "^11.0.0"
    wonka "^6.0.0"

extract-files@^11.0.0:
  version "11.0.0"
  resolved "https://registry.yarnpkg.com/extract-files/-/extract-files-11.0.0.tgz#b72d428712f787eef1f5193aff8ab5351ca8469a"
  integrity sha512-FuoE1qtbJ4bBVvv94CC7s0oTnKUGvQs+Rjf1L2SJFfS+HTVVjhPFtehPdQ0JiGPqVNfSSZvL5yzHHQq2Z4WNhQ==

wonka@^6.0.0:
  version "6.0.0"
  resolved "https://registry.yarnpkg.com/wonka/-/wonka-6.0.0.tgz#38cd39a517fc3ff721ea3bf353642b353bf48860"
  integrity sha512-TEiIOqkhQXbcmL1RrjxPCzTX15V5FSyJvZRSiTxvgTgrJMaOVKmzGTdRVh349CfaNo9dsIhWDyg1/GNq4NWrEg==
